// !$*UTF8*$!
{
	archiveVersion = 1;
	classes = {
	};
	objectVersion = 50;
	objects = {

/* Begin PBXBuildFile section */
		7009323B268274DF008C4A9C /* AppDelegate.m in Sources */ = {isa = PBXBuildFile; fileRef = 7009323A268274DF008C4A9C /* AppDelegate.m */; };
		7009323E268274DF008C4A9C /* SceneDelegate.m in Sources */ = {isa = PBXBuildFile; fileRef = 7009323D268274DF008C4A9C /* SceneDelegate.m */; };
		70093244268274DF008C4A9C /* Main.storyboard in Resources */ = {isa = PBXBuildFile; fileRef = 70093242268274DF008C4A9C /* Main.storyboard */; };
		70093246268274E0008C4A9C /* Assets.xcassets in Resources */ = {isa = PBXBuildFile; fileRef = 70093245268274E0008C4A9C /* Assets.xcassets */; };
		70093249268274E0008C4A9C /* LaunchScreen.storyboard in Resources */ = {isa = PBXBuildFile; fileRef = 70093247268274E0008C4A9C /* LaunchScreen.storyboard */; };
		7009324C268274E0008C4A9C /* main.m in Sources */ = {isa = PBXBuildFile; fileRef = 7009324B268274E0008C4A9C /* main.m */; };
		70093256268274E0008C4A9C /* TipsterTests.m in Sources */ = {isa = PBXBuildFile; fileRef = 70093255268274E0008C4A9C /* TipsterTests.m */; };
		70093261268274E0008C4A9C /* TipsterUITests.m in Sources */ = {isa = PBXBuildFile; fileRef = 70093260268274E0008C4A9C /* TipsterUITests.m */; };
		708435E2268283F80099FC00 /* TipViewController.m in Sources */ = {isa = PBXBuildFile; fileRef = 708435E1268283F80099FC00 /* TipViewController.m */; };
		70DCBA1626829E2200AF64A3 /* SettingsViewController.m in Sources */ = {isa = PBXBuildFile; fileRef = 70DCBA1526829E2200AF64A3 /* SettingsViewController.m */; };
/* End PBXBuildFile section */

/* Begin PBXContainerItemProxy section */
		70093252268274E0008C4A9C /* PBXContainerItemProxy */ = {
			isa = PBXContainerItemProxy;
			containerPortal = 7009322E268274DF008C4A9C /* Project object */;
			proxyType = 1;
			remoteGlobalIDString = 70093235268274DF008C4A9C;
			remoteInfo = Tipster;
		};
		7009325D268274E0008C4A9C /* PBXContainerItemProxy */ = {
			isa = PBXContainerItemProxy;
			containerPortal = 7009322E268274DF008C4A9C /* Project object */;
			proxyType = 1;
			remoteGlobalIDString = 70093235268274DF008C4A9C;
			remoteInfo = Tipster;
		};
/* End PBXContainerItemProxy section */

/* Begin PBXFileReference section */
		70093236268274DF008C4A9C /* Tipster.app */ = {isa = PBXFileReference; explicitFileType = wrapper.application; includeInIndex = 0; path = Tipster.app; sourceTree = BUILT_PRODUCTS_DIR; };
		70093239268274DF008C4A9C /* AppDelegate.h */ = {isa = PBXFileReference; lastKnownFileType = sourcecode.c.h; path = AppDelegate.h; sourceTree = "<group>"; };
		7009323A268274DF008C4A9C /* AppDelegate.m */ = {isa = PBXFileReference; lastKnownFileType = sourcecode.c.objc; path = AppDelegate.m; sourceTree = "<group>"; };
		7009323C268274DF008C4A9C /* SceneDelegate.h */ = {isa = PBXFileReference; lastKnownFileType = sourcecode.c.h; path = SceneDelegate.h; sourceTree = "<group>"; };
		7009323D268274DF008C4A9C /* SceneDelegate.m */ = {isa = PBXFileReference; lastKnownFileType = sourcecode.c.objc; path = SceneDelegate.m; sourceTree = "<group>"; };
		70093243268274DF008C4A9C /* Base */ = {isa = PBXFileReference; lastKnownFileType = file.storyboard; name = Base; path = Base.lproj/Main.storyboard; sourceTree = "<group>"; };
		70093245268274E0008C4A9C /* Assets.xcassets */ = {isa = PBXFileReference; lastKnownFileType = folder.assetcatalog; path = Assets.xcassets; sourceTree = "<group>"; };
		70093248268274E0008C4A9C /* Base */ = {isa = PBXFileReference; lastKnownFileType = file.storyboard; name = Base; path = Base.lproj/LaunchScreen.storyboard; sourceTree = "<group>"; };
		7009324A268274E0008C4A9C /* Info.plist */ = {isa = PBXFileReference; lastKnownFileType = text.plist.xml; path = Info.plist; sourceTree = "<group>"; };
		7009324B268274E0008C4A9C /* main.m */ = {isa = PBXFileReference; lastKnownFileType = sourcecode.c.objc; path = main.m; sourceTree = "<group>"; };
		70093251268274E0008C4A9C /* TipsterTests.xctest */ = {isa = PBXFileReference; explicitFileType = wrapper.cfbundle; includeInIndex = 0; path = TipsterTests.xctest; sourceTree = BUILT_PRODUCTS_DIR; };
		70093255268274E0008C4A9C /* TipsterTests.m */ = {isa = PBXFileReference; lastKnownFileType = sourcecode.c.objc; path = TipsterTests.m; sourceTree = "<group>"; };
		70093257268274E0008C4A9C /* Info.plist */ = {isa = PBXFileReference; lastKnownFileType = text.plist.xml; path = Info.plist; sourceTree = "<group>"; };
		7009325C268274E0008C4A9C /* TipsterUITests.xctest */ = {isa = PBXFileReference; explicitFileType = wrapper.cfbundle; includeInIndex = 0; path = TipsterUITests.xctest; sourceTree = BUILT_PRODUCTS_DIR; };
		70093260268274E0008C4A9C /* TipsterUITests.m */ = {isa = PBXFileReference; lastKnownFileType = sourcecode.c.objc; path = TipsterUITests.m; sourceTree = "<group>"; };
		70093262268274E0008C4A9C /* Info.plist */ = {isa = PBXFileReference; lastKnownFileType = text.plist.xml; path = Info.plist; sourceTree = "<group>"; };
		708435E0268283F80099FC00 /* TipViewController.h */ = {isa = PBXFileReference; lastKnownFileType = sourcecode.c.h; path = TipViewController.h; sourceTree = "<group>"; };
		708435E1268283F80099FC00 /* TipViewController.m */ = {isa = PBXFileReference; lastKnownFileType = sourcecode.c.objc; path = TipViewController.m; sourceTree = "<group>"; };
		70DCBA1426829E2200AF64A3 /* SettingsViewController.h */ = {isa = PBXFileReference; lastKnownFileType = sourcecode.c.h; path = SettingsViewController.h; sourceTree = "<group>"; };
		70DCBA1526829E2200AF64A3 /* SettingsViewController.m */ = {isa = PBXFileReference; lastKnownFileType = sourcecode.c.objc; path = SettingsViewController.m; sourceTree = "<group>"; };
/* End PBXFileReference section */

/* Begin PBXFrameworksBuildPhase section */
		70093233268274DF008C4A9C /* Frameworks */ = {
			isa = PBXFrameworksBuildPhase;
			buildActionMask = 2147483647;
			files = (
			);
			runOnlyForDeploymentPostprocessing = 0;
		};
		7009324E268274E0008C4A9C /* Frameworks */ = {
			isa = PBXFrameworksBuildPhase;
			buildActionMask = 2147483647;
			files = (
			);
			runOnlyForDeploymentPostprocessing = 0;
		};
		70093259268274E0008C4A9C /* Frameworks */ = {
			isa = PBXFrameworksBuildPhase;
			buildActionMask = 2147483647;
			files = (
			);
			runOnlyForDeploymentPostprocessing = 0;
		};
/* End PBXFrameworksBuildPhase section */

/* Begin PBXGroup section */
		7009322D268274DF008C4A9C = {
			isa = PBXGroup;
			children = (
				70093238268274DF008C4A9C /* Tipster */,
				70093254268274E0008C4A9C /* TipsterTests */,
				7009325F268274E0008C4A9C /* TipsterUITests */,
				70093237268274DF008C4A9C /* Products */,
			);
			sourceTree = "<group>";
		};
		70093237268274DF008C4A9C /* Products */ = {
			isa = PBXGroup;
			children = (
				70093236268274DF008C4A9C /* Tipster.app */,
				70093251268274E0008C4A9C /* TipsterTests.xctest */,
				7009325C268274E0008C4A9C /* TipsterUITests.xctest */,
			);
			name = Products;
			sourceTree = "<group>";
		};
		70093238268274DF008C4A9C /* Tipster */ = {
			isa = PBXGroup;
			children = (
				70093239268274DF008C4A9C /* AppDelegate.h */,
				7009323A268274DF008C4A9C /* AppDelegate.m */,
				7009323C268274DF008C4A9C /* SceneDelegate.h */,
				7009323D268274DF008C4A9C /* SceneDelegate.m */,
				70093242268274DF008C4A9C /* Main.storyboard */,
				708435E0268283F80099FC00 /* TipViewController.h */,
				708435E1268283F80099FC00 /* TipViewController.m */,
				70DCBA1426829E2200AF64A3 /* SettingsViewController.h */,
				70DCBA1526829E2200AF64A3 /* SettingsViewController.m */,
				70093245268274E0008C4A9C /* Assets.xcassets */,
				70093247268274E0008C4A9C /* LaunchScreen.storyboard */,
				7009324A268274E0008C4A9C /* Info.plist */,
				7009324B268274E0008C4A9C /* main.m */,
			);
			path = Tipster;
			sourceTree = "<group>";
		};
		70093254268274E0008C4A9C /* TipsterTests */ = {
			isa = PBXGroup;
			children = (
				70093255268274E0008C4A9C /* TipsterTests.m */,
				70093257268274E0008C4A9C /* Info.plist */,
			);
			path = TipsterTests;
			sourceTree = "<group>";
		};
		7009325F268274E0008C4A9C /* TipsterUITests */ = {
			isa = PBXGroup;
			children = (
				70093260268274E0008C4A9C /* TipsterUITests.m */,
				70093262268274E0008C4A9C /* Info.plist */,
			);
			path = TipsterUITests;
			sourceTree = "<group>";
		};
/* End PBXGroup section */

/* Begin PBXNativeTarget section */
		70093235268274DF008C4A9C /* Tipster */ = {
			isa = PBXNativeTarget;
			buildConfigurationList = 70093265268274E0008C4A9C /* Build configuration list for PBXNativeTarget "Tipster" */;
			buildPhases = (
				70093232268274DF008C4A9C /* Sources */,
				70093233268274DF008C4A9C /* Frameworks */,
				70093234268274DF008C4A9C /* Resources */,
			);
			buildRules = (
			);
			dependencies = (
			);
			name = Tipster;
			productName = Tipster;
			productReference = 70093236268274DF008C4A9C /* Tipster.app */;
			productType = "com.apple.product-type.application";
		};
		70093250268274E0008C4A9C /* TipsterTests */ = {
			isa = PBXNativeTarget;
			buildConfigurationList = 70093268268274E0008C4A9C /* Build configuration list for PBXNativeTarget "TipsterTests" */;
			buildPhases = (
				7009324D268274E0008C4A9C /* Sources */,
				7009324E268274E0008C4A9C /* Frameworks */,
				7009324F268274E0008C4A9C /* Resources */,
			);
			buildRules = (
			);
			dependencies = (
				70093253268274E0008C4A9C /* PBXTargetDependency */,
			);
			name = TipsterTests;
			productName = TipsterTests;
			productReference = 70093251268274E0008C4A9C /* TipsterTests.xctest */;
			productType = "com.apple.product-type.bundle.unit-test";
		};
		7009325B268274E0008C4A9C /* TipsterUITests */ = {
			isa = PBXNativeTarget;
			buildConfigurationList = 7009326B268274E0008C4A9C /* Build configuration list for PBXNativeTarget "TipsterUITests" */;
			buildPhases = (
				70093258268274E0008C4A9C /* Sources */,
				70093259268274E0008C4A9C /* Frameworks */,
				7009325A268274E0008C4A9C /* Resources */,
			);
			buildRules = (
			);
			dependencies = (
				7009325E268274E0008C4A9C /* PBXTargetDependency */,
			);
			name = TipsterUITests;
			productName = TipsterUITests;
			productReference = 7009325C268274E0008C4A9C /* TipsterUITests.xctest */;
			productType = "com.apple.product-type.bundle.ui-testing";
		};
/* End PBXNativeTarget section */

/* Begin PBXProject section */
		7009322E268274DF008C4A9C /* Project object */ = {
			isa = PBXProject;
			attributes = {
				LastUpgradeCheck = 1250;
				TargetAttributes = {
					70093235268274DF008C4A9C = {
						CreatedOnToolsVersion = 12.5.1;
					};
					70093250268274E0008C4A9C = {
						CreatedOnToolsVersion = 12.5.1;
						TestTargetID = 70093235268274DF008C4A9C;
					};
					7009325B268274E0008C4A9C = {
						CreatedOnToolsVersion = 12.5.1;
						TestTargetID = 70093235268274DF008C4A9C;
					};
				};
			};
			buildConfigurationList = 70093231268274DF008C4A9C /* Build configuration list for PBXProject "Tipster" */;
			compatibilityVersion = "Xcode 9.3";
			developmentRegion = en;
			hasScannedForEncodings = 0;
			knownRegions = (
				en,
				Base,
			);
			mainGroup = 7009322D268274DF008C4A9C;
			productRefGroup = 70093237268274DF008C4A9C /* Products */;
			projectDirPath = "";
			projectRoot = "";
			targets = (
				70093235268274DF008C4A9C /* Tipster */,
				70093250268274E0008C4A9C /* TipsterTests */,
				7009325B268274E0008C4A9C /* TipsterUITests */,
			);
		};
/* End PBXProject section */

/* Begin PBXResourcesBuildPhase section */
		70093234268274DF008C4A9C /* Resources */ = {
			isa = PBXResourcesBuildPhase;
			buildActionMask = 2147483647;
			files = (
				70093249268274E0008C4A9C /* LaunchScreen.storyboard in Resources */,
				70093246268274E0008C4A9C /* Assets.xcassets in Resources */,
				70093244268274DF008C4A9C /* Main.storyboard in Resources */,
			);
			runOnlyForDeploymentPostprocessing = 0;
		};
		7009324F268274E0008C4A9C /* Resources */ = {
			isa = PBXResourcesBuildPhase;
			buildActionMask = 2147483647;
			files = (
			);
			runOnlyForDeploymentPostprocessing = 0;
		};
		7009325A268274E0008C4A9C /* Resources */ = {
			isa = PBXResourcesBuildPhase;
			buildActionMask = 2147483647;
			files = (
			);
			runOnlyForDeploymentPostprocessing = 0;
		};
/* End PBXResourcesBuildPhase section */

/* Begin PBXSourcesBuildPhase section */
		70093232268274DF008C4A9C /* Sources */ = {
			isa = PBXSourcesBuildPhase;
			buildActionMask = 2147483647;
			files = (
				7009323B268274DF008C4A9C /* AppDelegate.m in Sources */,
				7009324C268274E0008C4A9C /* main.m in Sources */,
				70DCBA1626829E2200AF64A3 /* SettingsViewController.m in Sources */,
				708435E2268283F80099FC00 /* TipViewController.m in Sources */,
				7009323E268274DF008C4A9C /* SceneDelegate.m in Sources */,
			);
			runOnlyForDeploymentPostprocessing = 0;
		};
		7009324D268274E0008C4A9C /* Sources */ = {
			isa = PBXSourcesBuildPhase;
			buildActionMask = 2147483647;
			files = (
				70093256268274E0008C4A9C /* TipsterTests.m in Sources */,
			);
			runOnlyForDeploymentPostprocessing = 0;
		};
		70093258268274E0008C4A9C /* Sources */ = {
			isa = PBXSourcesBuildPhase;
			buildActionMask = 2147483647;
			files = (
				70093261268274E0008C4A9C /* TipsterUITests.m in Sources */,
			);
			runOnlyForDeploymentPostprocessing = 0;
		};
/* End PBXSourcesBuildPhase section */

/* Begin PBXTargetDependency section */
		70093253268274E0008C4A9C /* PBXTargetDependency */ = {
			isa = PBXTargetDependency;
			target = 70093235268274DF008C4A9C /* Tipster */;
			targetProxy = 70093252268274E0008C4A9C /* PBXContainerItemProxy */;
		};
		7009325E268274E0008C4A9C /* PBXTargetDependency */ = {
			isa = PBXTargetDependency;
			target = 70093235268274DF008C4A9C /* Tipster */;
			targetProxy = 7009325D268274E0008C4A9C /* PBXContainerItemProxy */;
		};
/* End PBXTargetDependency section */

/* Begin PBXVariantGroup section */
		70093242268274DF008C4A9C /* Main.storyboard */ = {
			isa = PBXVariantGroup;
			children = (
				70093243268274DF008C4A9C /* Base */,
			);
			name = Main.storyboard;
			sourceTree = "<group>";
		};
		70093247268274E0008C4A9C /* LaunchScreen.storyboard */ = {
			isa = PBXVariantGroup;
			children = (
				70093248268274E0008C4A9C /* Base */,
			);
			name = LaunchScreen.storyboard;
			sourceTree = "<group>";
		};
/* End PBXVariantGroup section */

/* Begin XCBuildConfiguration section */
		70093263268274E0008C4A9C /* Debug */ = {
			isa = XCBuildConfiguration;
			buildSettings = {
				ALWAYS_SEARCH_USER_PATHS = NO;
				CLANG_ANALYZER_NONNULL = YES;
				CLANG_ANALYZER_NUMBER_OBJECT_CONVERSION = YES_AGGRESSIVE;
				CLANG_CXX_LANGUAGE_STANDARD = "gnu++14";
				CLANG_CXX_LIBRARY = "libc++";
				CLANG_ENABLE_MODULES = YES;
				CLANG_ENABLE_OBJC_ARC = YES;
				CLANG_ENABLE_OBJC_WEAK = YES;
				CLANG_WARN_BLOCK_CAPTURE_AUTORELEASING = YES;
				CLANG_WARN_BOOL_CONVERSION = YES;
				CLANG_WARN_COMMA = YES;
				CLANG_WARN_CONSTANT_CONVERSION = YES;
				CLANG_WARN_DEPRECATED_OBJC_IMPLEMENTATIONS = YES;
				CLANG_WARN_DIRECT_OBJC_ISA_USAGE = YES_ERROR;
				CLANG_WARN_DOCUMENTATION_COMMENTS = YES;
				CLANG_WARN_EMPTY_BODY = YES;
				CLANG_WARN_ENUM_CONVERSION = YES;
				CLANG_WARN_INFINITE_RECURSION = YES;
				CLANG_WARN_INT_CONVERSION = YES;
				CLANG_WARN_NON_LITERAL_NULL_CONVERSION = YES;
				CLANG_WARN_OBJC_IMPLICIT_RETAIN_SELF = YES;
				CLANG_WARN_OBJC_LITERAL_CONVERSION = YES;
				CLANG_WARN_OBJC_ROOT_CLASS = YES_ERROR;
				CLANG_WARN_QUOTED_INCLUDE_IN_FRAMEWORK_HEADER = YES;
				CLANG_WARN_RANGE_LOOP_ANALYSIS = YES;
				CLANG_WARN_STRICT_PROTOTYPES = YES;
				CLANG_WARN_SUSPICIOUS_MOVE = YES;
				CLANG_WARN_UNGUARDED_AVAILABILITY = YES_AGGRESSIVE;
				CLANG_WARN_UNREACHABLE_CODE = YES;
				CLANG_WARN__DUPLICATE_METHOD_MATCH = YES;
				COPY_PHASE_STRIP = NO;
				DEBUG_INFORMATION_FORMAT = dwarf;
				ENABLE_STRICT_OBJC_MSGSEND = YES;
				ENABLE_TESTABILITY = YES;
				GCC_C_LANGUAGE_STANDARD = gnu11;
				GCC_DYNAMIC_NO_PIC = NO;
				GCC_NO_COMMON_BLOCKS = YES;
				GCC_OPTIMIZATION_LEVEL = 0;
				GCC_PREPROCESSOR_DEFINITIONS = (
					"DEBUG=1",
					"$(inherited)",
				);
				GCC_WARN_64_TO_32_BIT_CONVERSION = YES;
				GCC_WARN_ABOUT_RETURN_TYPE = YES_ERROR;
				GCC_WARN_UNDECLARED_SELECTOR = YES;
				GCC_WARN_UNINITIALIZED_AUTOS = YES_AGGRESSIVE;
				GCC_WARN_UNUSED_FUNCTION = YES;
				GCC_WARN_UNUSED_VARIABLE = YES;
				IPHONEOS_DEPLOYMENT_TARGET = 14.5;
				MTL_ENABLE_DEBUG_INFO = INCLUDE_SOURCE;
				MTL_FAST_MATH = YES;
				ONLY_ACTIVE_ARCH = YES;
				SDKROOT = iphoneos;
			};
			name = Debug;
		};
		70093264268274E0008C4A9C /* Release */ = {
			isa = XCBuildConfiguration;
			buildSettings = {
				ALWAYS_SEARCH_USER_PATHS = NO;
				CLANG_ANALYZER_NONNULL = YES;
				CLANG_ANALYZER_NUMBER_OBJECT_CONVERSION = YES_AGGRESSIVE;
				CLANG_CXX_LANGUAGE_STANDARD = "gnu++14";
				CLANG_CXX_LIBRARY = "libc++";
				CLANG_ENABLE_MODULES = YES;
				CLANG_ENABLE_OBJC_ARC = YES;
				CLANG_ENABLE_OBJC_WEAK = YES;
				CLANG_WARN_BLOCK_CAPTURE_AUTORELEASING = YES;
				CLANG_WARN_BOOL_CONVERSION = YES;
				CLANG_WARN_COMMA = YES;
				CLANG_WARN_CONSTANT_CONVERSION = YES;
				CLANG_WARN_DEPRECATED_OBJC_IMPLEMENTATIONS = YES;
				CLANG_WARN_DIRECT_OBJC_ISA_USAGE = YES_ERROR;
				CLANG_WARN_DOCUMENTATION_COMMENTS = YES;
				CLANG_WARN_EMPTY_BODY = YES;
				CLANG_WARN_ENUM_CONVERSION = YES;
				CLANG_WARN_INFINITE_RECURSION = YES;
				CLANG_WARN_INT_CONVERSION = YES;
				CLANG_WARN_NON_LITERAL_NULL_CONVERSION = YES;
				CLANG_WARN_OBJC_IMPLICIT_RETAIN_SELF = YES;
				CLANG_WARN_OBJC_LITERAL_CONVERSION = YES;
				CLANG_WARN_OBJC_ROOT_CLASS = YES_ERROR;
				CLANG_WARN_QUOTED_INCLUDE_IN_FRAMEWORK_HEADER = YES;
				CLANG_WARN_RANGE_LOOP_ANALYSIS = YES;
				CLANG_WARN_STRICT_PROTOTYPES = YES;
				CLANG_WARN_SUSPICIOUS_MOVE = YES;
				CLANG_WARN_UNGUARDED_AVAILABILITY = YES_AGGRESSIVE;
				CLANG_WARN_UNREACHABLE_CODE = YES;
				CLANG_WARN__DUPLICATE_METHOD_MATCH = YES;
				COPY_PHASE_STRIP = NO;
				DEBUG_INFORMATION_FORMAT = "dwarf-with-dsym";
				ENABLE_NS_ASSERTIONS = NO;
				ENABLE_STRICT_OBJC_MSGSEND = YES;
				GCC_C_LANGUAGE_STANDARD = gnu11;
				GCC_NO_COMMON_BLOCKS = YES;
				GCC_WARN_64_TO_32_BIT_CONVERSION = YES;
				GCC_WARN_ABOUT_RETURN_TYPE = YES_ERROR;
				GCC_WARN_UNDECLARED_SELECTOR = YES;
				GCC_WARN_UNINITIALIZED_AUTOS = YES_AGGRESSIVE;
				GCC_WARN_UNUSED_FUNCTION = YES;
				GCC_WARN_UNUSED_VARIABLE = YES;
				IPHONEOS_DEPLOYMENT_TARGET = 14.5;
				MTL_ENABLE_DEBUG_INFO = NO;
				MTL_FAST_MATH = YES;
				SDKROOT = iphoneos;
				VALIDATE_PRODUCT = YES;
			};
			name = Release;
		};
		70093266268274E0008C4A9C /* Debug */ = {
			isa = XCBuildConfiguration;
			buildSettings = {
				ASSETCATALOG_COMPILER_APPICON_NAME = AppIcon;
				ASSETCATALOG_COMPILER_GLOBAL_ACCENT_COLOR_NAME = AccentColor;
				CODE_SIGN_STYLE = Automatic;
				DEVELOPMENT_TEAM = LRC4C3ZCGF;
				INFOPLIST_FILE = Tipster/Info.plist;
				LD_RUNPATH_SEARCH_PATHS = (
					"$(inherited)",
					"@executable_path/Frameworks",
				);
				PRODUCT_BUNDLE_IDENTIFIER = com.fb.Tipster1;
				PRODUCT_NAME = "$(TARGET_NAME)";
				TARGETED_DEVICE_FAMILY = "1,2";
			};
			name = Debug;
		};
		70093267268274E0008C4A9C /* Release */ = {
			isa = XCBuildConfiguration;
			buildSettings = {
				ASSETCATALOG_COMPILER_APPICON_NAME = AppIcon;
				ASSETCATALOG_COMPILER_GLOBAL_ACCENT_COLOR_NAME = AccentColor;
				CODE_SIGN_STYLE = Automatic;
				DEVELOPMENT_TEAM = LRC4C3ZCGF;
				INFOPLIST_FILE = Tipster/Info.plist;
				LD_RUNPATH_SEARCH_PATHS = (
					"$(inherited)",
					"@executable_path/Frameworks",
				);
				PRODUCT_BUNDLE_IDENTIFIER = com.fb.Tipster1;
				PRODUCT_NAME = "$(TARGET_NAME)";
				TARGETED_DEVICE_FAMILY = "1,2";
			};
			name = Release;
		};
		70093269268274E0008C4A9C /* Debug */ = {
			isa = XCBuildConfiguration;
			buildSettings = {
				BUNDLE_LOADER = "$(TEST_HOST)";
				CODE_SIGN_STYLE = Automatic;
				DEVELOPMENT_TEAM = LRC4C3ZCGF;
				INFOPLIST_FILE = TipsterTests/Info.plist;
				IPHONEOS_DEPLOYMENT_TARGET = 14.5;
				LD_RUNPATH_SEARCH_PATHS = (
					"$(inherited)",
					"@executable_path/Frameworks",
					"@loader_path/Frameworks",
				);
				PRODUCT_BUNDLE_IDENTIFIER = com.fb.TipsterTests;
				PRODUCT_NAME = "$(TARGET_NAME)";
				TARGETED_DEVICE_FAMILY = "1,2";
				TEST_HOST = "$(BUILT_PRODUCTS_DIR)/Tipster.app/Tipster";
			};
			name = Debug;
		};
		7009326A268274E0008C4A9C /* Release */ = {
			isa = XCBuildConfiguration;
			buildSettings = {
				BUNDLE_LOADER = "$(TEST_HOST)";
				CODE_SIGN_STYLE = Automatic;
				DEVELOPMENT_TEAM = LRC4C3ZCGF;
				INFOPLIST_FILE = TipsterTests/Info.plist;
				IPHONEOS_DEPLOYMENT_TARGET = 14.5;
				LD_RUNPATH_SEARCH_PATHS = (
					"$(inherited)",
					"@executable_path/Frameworks",
					"@loader_path/Frameworks",
				);
				PRODUCT_BUNDLE_IDENTIFIER = com.fb.TipsterTests;
				PRODUCT_NAME = "$(TARGET_NAME)";
				TARGETED_DEVICE_FAMILY = "1,2";
				TEST_HOST = "$(BUILT_PRODUCTS_DIR)/Tipster.app/Tipster";
			};
			name = Release;
		};
		7009326C268274E0008C4A9C /* Debug */ = {
			isa = XCBuildConfiguration;
			buildSettings = {
				CODE_SIGN_STYLE = Automatic;
				DEVELOPMENT_TEAM = LRC4C3ZCGF;
				INFOPLIST_FILE = TipsterUITests/Info.plist;
				LD_RUNPATH_SEARCH_PATHS = (
					"$(inherited)",
					"@executable_path/Frameworks",
					"@loader_path/Frameworks",
				);
				PRODUCT_BUNDLE_IDENTIFIER = com.fb.TipsterUITests;
				PRODUCT_NAME = "$(TARGET_NAME)";
				TARGETED_DEVICE_FAMILY = "1,2";
				TEST_TARGET_NAME = Tipster;
			};
			name = Debug;
		};
		7009326D268274E0008C4A9C /* Release */ = {
			isa = XCBuildConfiguration;
			buildSettings = {
				CODE_SIGN_STYLE = Automatic;
				DEVELOPMENT_TEAM = LRC4C3ZCGF;
				INFOPLIST_FILE = TipsterUITests/Info.plist;
				LD_RUNPATH_SEARCH_PATHS = (
					"$(inherited)",
					"@executable_path/Frameworks",
					"@loader_path/Frameworks",
				);
				PRODUCT_BUNDLE_IDENTIFIER = com.fb.TipsterUITests;
				PRODUCT_NAME = "$(TARGET_NAME)";
				TARGETED_DEVICE_FAMILY = "1,2";
				TEST_TARGET_NAME = Tipster;
			};
			name = Release;
		};
/* End XCBuildConfiguration section */

/* Begin XCConfigurationList section */
		70093231268274DF008C4A9C /* Build configuration list for PBXProject "Tipster" */ = {
			isa = XCConfigurationList;
			buildConfigurations = (
				70093263268274E0008C4A9C /* Debug */,
				70093264268274E0008C4A9C /* Release */,
			);
			defaultConfigurationIsVisible = 0;
			defaultConfigurationName = Release;
		};
		70093265268274E0008C4A9C /* Build configuration list for PBXNativeTarget "Tipster" */ = {
			isa = XCConfigurationList;
			buildConfigurations = (
				70093266268274E0008C4A9C /* Debug */,
				70093267268274E0008C4A9C /* Release */,
			);
			defaultConfigurationIsVisible = 0;
			defaultConfigurationName = Release;
		};
		70093268268274E0008C4A9C /* Build configuration list for PBXNativeTarget "TipsterTests" */ = {
			isa = XCConfigurationList;
			buildConfigurations = (
				70093269268274E0008C4A9C /* Debug */,
				7009326A268274E0008C4A9C /* Release */,
			);
			defaultConfigurationIsVisible = 0;
			defaultConfigurationName = Release;
		};
		7009326B268274E0008C4A9C /* Build configuration list for PBXNativeTarget "TipsterUITests" */ = {
			isa = XCConfigurationList;
			buildConfigurations = (
				7009326C268274E0008C4A9C /* Debug */,
				7009326D268274E0008C4A9C /* Release */,
			);
			defaultConfigurationIsVisible = 0;
			defaultConfigurationName = Release;
		};
/* End XCConfigurationList section */
	};
	rootObject = 7009322E268274DF008C4A9C /* Project object */;
}
